
Microsoft Visual Studio Solution File, Format Version 12.00
# Visual Studio 15
VisualStudioVersion = 15.0.27703.2035
MinimumVisualStudioVersion = 10.0.40219.1
Project("{FAE04EC0-301F-11D3-BF4B-00C04F79EFBC}") = "MedConsult", "MedConsult\MedConsult.csproj", "{88152E8C-5826-4331-A56F-485E18951A67}"
EndProject
Global
	GlobalSection(SolutionConfigurationPlatforms) = preSolution
		Debug|Any CPU = Debug|Any CPU
		Release|Any CPU = Release|Any CPU
	EndGlobalSection
	GlobalSection(ProjectConfigurationPlatforms) = postSolution
		{88152E8C-5826-4331-A56F-485E18951A67}.Debug|Any CPU.ActiveCfg = Debug|Any CPU
		{88152E8C-5826-4331-A56F-485E18951A67}.Debug|Any CPU.Build.0 = Debug|Any CPU
		{88152E8C-5826-4331-A56F-485E18951A67}.Release|Any CPU.ActiveCfg = Release|Any CPU
		{88152E8C-5826-4331-A56F-485E18951A67}.Release|Any CPU.Build.0 = Release|Any CPU
	EndGlobalSection
	GlobalSection(SolutionProperties) = preSolution
		HideSolutionNode = FALSE
	EndGlobalSection
	GlobalSection(ExtensibilityGlobals) = postSolution
		SolutionGuid = {C1853D92-79F8-4226-B495-055C22EA7D8F}
	EndGlobalSection
EndGlobal
